// !$*UTF8*$!
{
	archiveVersion = 1;
	classes = {
	};
	objectVersion = 46;
	objects = {

/* Begin PBXBuildFile section */
		FA57FD0B1BD20D56002F1687 /* Bolts.framework in Frameworks */ = {isa = PBXBuildFile; fileRef = FA57FD091BD20D56002F1687 /* Bolts.framework */; settings = {ASSET_TAGS = (); }; };
		FA57FD0C1BD20D56002F1687 /* Parse.framework in Frameworks */ = {isa = PBXBuildFile; fileRef = FA57FD0A1BD20D56002F1687 /* Parse.framework */; settings = {ASSET_TAGS = (); }; };
		FA57FD111BD246A9002F1687 /* FBSDKCoreKit.framework in Frameworks */ = {isa = PBXBuildFile; fileRef = FA57FD0E1BD246A9002F1687 /* FBSDKCoreKit.framework */; settings = {ASSET_TAGS = (); }; };
		FA57FD121BD246A9002F1687 /* FBSDKLoginKit.framework in Frameworks */ = {isa = PBXBuildFile; fileRef = FA57FD0F1BD246A9002F1687 /* FBSDKLoginKit.framework */; settings = {ASSET_TAGS = (); }; };
		FA57FD131BD246A9002F1687 /* FBSDKShareKit.framework in Frameworks */ = {isa = PBXBuildFile; fileRef = FA57FD101BD246A9002F1687 /* FBSDKShareKit.framework */; settings = {ASSET_TAGS = (); }; };
		FA84E8971BA628DC0076B058 /* AppDelegate.swift in Sources */ = {isa = PBXBuildFile; fileRef = FA84E8961BA628DC0076B058 /* AppDelegate.swift */; };
		FA84E8991BA628DC0076B058 /* ViewController.swift in Sources */ = {isa = PBXBuildFile; fileRef = FA84E8981BA628DC0076B058 /* ViewController.swift */; };
		FA84E89C1BA628DC0076B058 /* Main.storyboard in Resources */ = {isa = PBXBuildFile; fileRef = FA84E89A1BA628DC0076B058 /* Main.storyboard */; };
		FA84E89E1BA628DC0076B058 /* Images.xcassets in Resources */ = {isa = PBXBuildFile; fileRef = FA84E89D1BA628DC0076B058 /* Images.xcassets */; };
		FA84E8A11BA628DC0076B058 /* LaunchScreen.xib in Resources */ = {isa = PBXBuildFile; fileRef = FA84E89F1BA628DC0076B058 /* LaunchScreen.xib */; };
		FA84E8AD1BA628DC0076B058 /* DEKSTRTests.swift in Sources */ = {isa = PBXBuildFile; fileRef = FA84E8AC1BA628DC0076B058 /* DEKSTRTests.swift */; };
		FA84E8B71BA62B0D0076B058 /* UserTableViewCell.swift in Sources */ = {isa = PBXBuildFile; fileRef = FA84E8B61BA62B0D0076B058 /* UserTableViewCell.swift */; };
		FA84E8BB1BA63BEC0076B058 /* User.swift in Sources */ = {isa = PBXBuildFile; fileRef = FA84E8BA1BA63BEC0076B058 /* User.swift */; };
		FA90E14B1BAABC1E0065E19D /* AudioToolbox.framework in Frameworks */ = {isa = PBXBuildFile; fileRef = FA90E14A1BAABC1E0065E19D /* AudioToolbox.framework */; };
		FA90E14D1BAABC230065E19D /* CFNetwork.framework in Frameworks */ = {isa = PBXBuildFile; fileRef = FA90E14C1BAABC230065E19D /* CFNetwork.framework */; };
		FA90E14F1BAABC2C0065E19D /* CoreGraphics.framework in Frameworks */ = {isa = PBXBuildFile; fileRef = FA90E14E1BAABC2C0065E19D /* CoreGraphics.framework */; };
		FA90E1511BAABC310065E19D /* CoreLocation.framework in Frameworks */ = {isa = PBXBuildFile; fileRef = FA90E1501BAABC310065E19D /* CoreLocation.framework */; };
		FA90E1531BAABC3B0065E19D /* Security.framework in Frameworks */ = {isa = PBXBuildFile; fileRef = FA90E1521BAABC3B0065E19D /* Security.framework */; };
		FA90E1551BAABC430065E19D /* QuartzCore.framework in Frameworks */ = {isa = PBXBuildFile; fileRef = FA90E1541BAABC430065E19D /* QuartzCore.framework */; };
		FA90E1571BAABC520065E19D /* StoreKit.framework in Frameworks */ = {isa = PBXBuildFile; fileRef = FA90E1561BAABC520065E19D /* StoreKit.framework */; };
		FA90E1591BAABC590065E19D /* SystemConfiguration.framework in Frameworks */ = {isa = PBXBuildFile; fileRef = FA90E1581BAABC590065E19D /* SystemConfiguration.framework */; };
		FA90E15B1BAABC630065E19D /* libz.1.1.3.tbd in Frameworks */ = {isa = PBXBuildFile; fileRef = FA90E15A1BAABC630065E19D /* libz.1.1.3.tbd */; };
		FA90E15D1BAABC6C0065E19D /* libsqlite3.0.tbd in Frameworks */ = {isa = PBXBuildFile; fileRef = FA90E15C1BAABC6C0065E19D /* libsqlite3.0.tbd */; };
		FA90E1631BAABE560065E19D /* LoginViewController.swift in Sources */ = {isa = PBXBuildFile; fileRef = FA90E15F1BAABE560065E19D /* LoginViewController.swift */; settings = {ASSET_TAGS = (); }; };
		FA90E1641BAABE560065E19D /* ResetPasswordViewController.swift in Sources */ = {isa = PBXBuildFile; fileRef = FA90E1601BAABE560065E19D /* ResetPasswordViewController.swift */; settings = {ASSET_TAGS = (); }; };
		FA90E1651BAABE560065E19D /* SignUpViewController.swift in Sources */ = {isa = PBXBuildFile; fileRef = FA90E1611BAABE560065E19D /* SignUpViewController.swift */; settings = {ASSET_TAGS = (); }; };
		FA90E1671BAABE7D0065E19D /* HomeViewController.swift in Sources */ = {isa = PBXBuildFile; fileRef = FA90E1661BAABE7D0065E19D /* HomeViewController.swift */; settings = {ASSET_TAGS = (); }; };
		FA90E1691BAACDDE0065E19D /* LandingPageViewController.swift in Sources */ = {isa = PBXBuildFile; fileRef = FA90E1681BAACDDE0065E19D /* LandingPageViewController.swift */; settings = {ASSET_TAGS = (); }; };
		FA90E16B1BAAD4B70065E19D /* RevealViewController.swift in Sources */ = {isa = PBXBuildFile; fileRef = FA90E16A1BAAD4B70065E19D /* RevealViewController.swift */; settings = {ASSET_TAGS = (); }; };
		FAF53AB81BA92D78004BF6E5 /* MenuController.swift in Sources */ = {isa = PBXBuildFile; fileRef = FAF53AB71BA92D78004BF6E5 /* MenuController.swift */; };
		FAF53ABA1BA93A25004BF6E5 /* UserTableViewController.swift in Sources */ = {isa = PBXBuildFile; fileRef = FAF53AB91BA93A25004BF6E5 /* UserTableViewController.swift */; };
		FAF53ABF1BA93C14004BF6E5 /* SWRevealViewController.m in Sources */ = {isa = PBXBuildFile; fileRef = FAF53ABE1BA93C14004BF6E5 /* SWRevealViewController.m */; };
/* End PBXBuildFile section */

/* Begin PBXContainerItemProxy section */
		FA84E8A71BA628DC0076B058 /* PBXContainerItemProxy */ = {
			isa = PBXContainerItemProxy;
			containerPortal = FA84E8891BA628DB0076B058 /* Project object */;
			proxyType = 1;
			remoteGlobalIDString = FA84E8901BA628DB0076B058;
			remoteInfo = DEKSTR;
		};
/* End PBXContainerItemProxy section */

/* Begin PBXFileReference section */
		FA57FD091BD20D56002F1687 /* Bolts.framework */ = {isa = PBXFileReference; lastKnownFileType = wrapper.framework; path = Bolts.framework; sourceTree = "<group>"; };
		FA57FD0A1BD20D56002F1687 /* Parse.framework */ = {isa = PBXFileReference; lastKnownFileType = wrapper.framework; path = Parse.framework; sourceTree = "<group>"; };
		FA57FD0E1BD246A9002F1687 /* FBSDKCoreKit.framework */ = {isa = PBXFileReference; lastKnownFileType = wrapper.framework; path = FBSDKCoreKit.framework; sourceTree = "<group>"; };
		FA57FD0F1BD246A9002F1687 /* FBSDKLoginKit.framework */ = {isa = PBXFileReference; lastKnownFileType = wrapper.framework; path = FBSDKLoginKit.framework; sourceTree = "<group>"; };
		FA57FD101BD246A9002F1687 /* FBSDKShareKit.framework */ = {isa = PBXFileReference; lastKnownFileType = wrapper.framework; path = FBSDKShareKit.framework; sourceTree = "<group>"; };
		FA84E8911BA628DB0076B058 /* DEKSTR.app */ = {isa = PBXFileReference; explicitFileType = wrapper.application; includeInIndex = 0; path = DEKSTR.app; sourceTree = BUILT_PRODUCTS_DIR; };
		FA84E8951BA628DC0076B058 /* Info.plist */ = {isa = PBXFileReference; lastKnownFileType = text.plist.xml; path = Info.plist; sourceTree = "<group>"; };
		FA84E8961BA628DC0076B058 /* AppDelegate.swift */ = {isa = PBXFileReference; lastKnownFileType = sourcecode.swift; path = AppDelegate.swift; sourceTree = "<group>"; };
		FA84E8981BA628DC0076B058 /* ViewController.swift */ = {isa = PBXFileReference; lastKnownFileType = sourcecode.swift; path = ViewController.swift; sourceTree = "<group>"; };
		FA84E89B1BA628DC0076B058 /* Base */ = {isa = PBXFileReference; lastKnownFileType = file.storyboard; name = Base; path = Base.lproj/Main.storyboard; sourceTree = "<group>"; };
		FA84E89D1BA628DC0076B058 /* Images.xcassets */ = {isa = PBXFileReference; lastKnownFileType = folder.assetcatalog; path = Images.xcassets; sourceTree = "<group>"; };
		FA84E8A01BA628DC0076B058 /* Base */ = {isa = PBXFileReference; lastKnownFileType = file.xib; name = Base; path = Base.lproj/LaunchScreen.xib; sourceTree = "<group>"; };
		FA84E8A61BA628DC0076B058 /* DEKSTRTests.xctest */ = {isa = PBXFileReference; explicitFileType = wrapper.cfbundle; includeInIndex = 0; path = DEKSTRTests.xctest; sourceTree = BUILT_PRODUCTS_DIR; };
		FA84E8AB1BA628DC0076B058 /* Info.plist */ = {isa = PBXFileReference; lastKnownFileType = text.plist.xml; path = Info.plist; sourceTree = "<group>"; };
		FA84E8AC1BA628DC0076B058 /* DEKSTRTests.swift */ = {isa = PBXFileReference; lastKnownFileType = sourcecode.swift; path = DEKSTRTests.swift; sourceTree = "<group>"; };
		FA84E8B61BA62B0D0076B058 /* UserTableViewCell.swift */ = {isa = PBXFileReference; fileEncoding = 4; lastKnownFileType = sourcecode.swift; path = UserTableViewCell.swift; sourceTree = "<group>"; };
		FA84E8BA1BA63BEC0076B058 /* User.swift */ = {isa = PBXFileReference; fileEncoding = 4; lastKnownFileType = sourcecode.swift; path = User.swift; sourceTree = "<group>"; };
		FA90E14A1BAABC1E0065E19D /* AudioToolbox.framework */ = {isa = PBXFileReference; lastKnownFileType = wrapper.framework; name = AudioToolbox.framework; path = System/Library/Frameworks/AudioToolbox.framework; sourceTree = SDKROOT; };
		FA90E14C1BAABC230065E19D /* CFNetwork.framework */ = {isa = PBXFileReference; lastKnownFileType = wrapper.framework; name = CFNetwork.framework; path = System/Library/Frameworks/CFNetwork.framework; sourceTree = SDKROOT; };
		FA90E14E1BAABC2C0065E19D /* CoreGraphics.framework */ = {isa = PBXFileReference; lastKnownFileType = wrapper.framework; name = CoreGraphics.framework; path = System/Library/Frameworks/CoreGraphics.framework; sourceTree = SDKROOT; };
		FA90E1501BAABC310065E19D /* CoreLocation.framework */ = {isa = PBXFileReference; lastKnownFileType = wrapper.framework; name = CoreLocation.framework; path = System/Library/Frameworks/CoreLocation.framework; sourceTree = SDKROOT; };
		FA90E1521BAABC3B0065E19D /* Security.framework */ = {isa = PBXFileReference; lastKnownFileType = wrapper.framework; name = Security.framework; path = System/Library/Frameworks/Security.framework; sourceTree = SDKROOT; };
		FA90E1541BAABC430065E19D /* QuartzCore.framework */ = {isa = PBXFileReference; lastKnownFileType = wrapper.framework; name = QuartzCore.framework; path = System/Library/Frameworks/QuartzCore.framework; sourceTree = SDKROOT; };
		FA90E1561BAABC520065E19D /* StoreKit.framework */ = {isa = PBXFileReference; lastKnownFileType = wrapper.framework; name = StoreKit.framework; path = System/Library/Frameworks/StoreKit.framework; sourceTree = SDKROOT; };
		FA90E1581BAABC590065E19D /* SystemConfiguration.framework */ = {isa = PBXFileReference; lastKnownFileType = wrapper.framework; name = SystemConfiguration.framework; path = System/Library/Frameworks/SystemConfiguration.framework; sourceTree = SDKROOT; };
		FA90E15A1BAABC630065E19D /* libz.1.1.3.tbd */ = {isa = PBXFileReference; lastKnownFileType = "sourcecode.text-based-dylib-definition"; name = libz.1.1.3.tbd; path = usr/lib/libz.1.1.3.tbd; sourceTree = SDKROOT; };
		FA90E15C1BAABC6C0065E19D /* libsqlite3.0.tbd */ = {isa = PBXFileReference; lastKnownFileType = "sourcecode.text-based-dylib-definition"; name = libsqlite3.0.tbd; path = usr/lib/libsqlite3.0.tbd; sourceTree = SDKROOT; };
		FA90E15F1BAABE560065E19D /* LoginViewController.swift */ = {isa = PBXFileReference; fileEncoding = 4; lastKnownFileType = sourcecode.swift; path = LoginViewController.swift; sourceTree = "<group>"; };
		FA90E1601BAABE560065E19D /* ResetPasswordViewController.swift */ = {isa = PBXFileReference; fileEncoding = 4; lastKnownFileType = sourcecode.swift; path = ResetPasswordViewController.swift; sourceTree = "<group>"; };
		FA90E1611BAABE560065E19D /* SignUpViewController.swift */ = {isa = PBXFileReference; fileEncoding = 4; lastKnownFileType = sourcecode.swift; path = SignUpViewController.swift; sourceTree = "<group>"; };
		FA90E1661BAABE7D0065E19D /* HomeViewController.swift */ = {isa = PBXFileReference; fileEncoding = 4; lastKnownFileType = sourcecode.swift; path = HomeViewController.swift; sourceTree = "<group>"; };
		FA90E1681BAACDDE0065E19D /* LandingPageViewController.swift */ = {isa = PBXFileReference; fileEncoding = 4; lastKnownFileType = sourcecode.swift; path = LandingPageViewController.swift; sourceTree = "<group>"; };
		FA90E16A1BAAD4B70065E19D /* RevealViewController.swift */ = {isa = PBXFileReference; fileEncoding = 4; lastKnownFileType = sourcecode.swift; path = RevealViewController.swift; sourceTree = "<group>"; };
		FAF53AB71BA92D78004BF6E5 /* MenuController.swift */ = {isa = PBXFileReference; fileEncoding = 4; lastKnownFileType = sourcecode.swift; path = MenuController.swift; sourceTree = "<group>"; };
		FAF53AB91BA93A25004BF6E5 /* UserTableViewController.swift */ = {isa = PBXFileReference; fileEncoding = 4; lastKnownFileType = sourcecode.swift; path = UserTableViewController.swift; sourceTree = "<group>"; };
		FAF53ABC1BA93C14004BF6E5 /* DEKSTR-Bridging-Header.h */ = {isa = PBXFileReference; fileEncoding = 4; lastKnownFileType = sourcecode.c.h; path = "DEKSTR-Bridging-Header.h"; sourceTree = "<group>"; };
		FAF53ABD1BA93C14004BF6E5 /* SWRevealViewController.h */ = {isa = PBXFileReference; fileEncoding = 4; lastKnownFileType = sourcecode.c.h; path = SWRevealViewController.h; sourceTree = "<group>"; };
		FAF53ABE1BA93C14004BF6E5 /* SWRevealViewController.m */ = {isa = PBXFileReference; fileEncoding = 4; lastKnownFileType = sourcecode.c.objc; path = SWRevealViewController.m; sourceTree = "<group>"; };
/* End PBXFileReference section */

/* Begin PBXFrameworksBuildPhase section */
		FA84E88E1BA628DB0076B058 /* Frameworks */ = {
			isa = PBXFrameworksBuildPhase;
			buildActionMask = 2147483647;
			files = (
				FA90E15D1BAABC6C0065E19D /* libsqlite3.0.tbd in Frameworks */,
				FA90E15B1BAABC630065E19D /* libz.1.1.3.tbd in Frameworks */,
				FA57FD131BD246A9002F1687 /* FBSDKShareKit.framework in Frameworks */,
				FA90E1591BAABC590065E19D /* SystemConfiguration.framework in Frameworks */,
				FA90E1571BAABC520065E19D /* StoreKit.framework in Frameworks */,
				FA57FD121BD246A9002F1687 /* FBSDKLoginKit.framework in Frameworks */,
				FA90E1551BAABC430065E19D /* QuartzCore.framework in Frameworks */,
				FA90E1531BAABC3B0065E19D /* Security.framework in Frameworks */,
				FA90E1511BAABC310065E19D /* CoreLocation.framework in Frameworks */,
				FA90E14F1BAABC2C0065E19D /* CoreGraphics.framework in Frameworks */,
				FA57FD111BD246A9002F1687 /* FBSDKCoreKit.framework in Frameworks */,
				FA57FD0B1BD20D56002F1687 /* Bolts.framework in Frameworks */,
				FA90E14D1BAABC230065E19D /* CFNetwork.framework in Frameworks */,
				FA57FD0C1BD20D56002F1687 /* Parse.framework in Frameworks */,
				FA90E14B1BAABC1E0065E19D /* AudioToolbox.framework in Frameworks */,
			);
			runOnlyForDeploymentPostprocessing = 0;
		};
		FA84E8A31BA628DC0076B058 /* Frameworks */ = {
			isa = PBXFrameworksBuildPhase;
			buildActionMask = 2147483647;
			files = (
			);
			runOnlyForDeploymentPostprocessing = 0;
		};
/* End PBXFrameworksBuildPhase section */

/* Begin PBXGroup section */
		FA57FD0D1BD20E30002F1687 /* Frameworks */ = {
			isa = PBXGroup;
			children = (
				FA57FD0E1BD246A9002F1687 /* FBSDKCoreKit.framework */,
				FA57FD0F1BD246A9002F1687 /* FBSDKLoginKit.framework */,
				FA57FD101BD246A9002F1687 /* FBSDKShareKit.framework */,
				FA90E15C1BAABC6C0065E19D /* libsqlite3.0.tbd */,
				FA90E15A1BAABC630065E19D /* libz.1.1.3.tbd */,
				FA90E1581BAABC590065E19D /* SystemConfiguration.framework */,
				FA90E1561BAABC520065E19D /* StoreKit.framework */,
				FA90E1541BAABC430065E19D /* QuartzCore.framework */,
				FA90E1521BAABC3B0065E19D /* Security.framework */,
				FA90E1501BAABC310065E19D /* CoreLocation.framework */,
				FA90E14E1BAABC2C0065E19D /* CoreGraphics.framework */,
				FA90E14C1BAABC230065E19D /* CFNetwork.framework */,
				FA90E14A1BAABC1E0065E19D /* AudioToolbox.framework */,
				FA57FD091BD20D56002F1687 /* Bolts.framework */,
				FA57FD0A1BD20D56002F1687 /* Parse.framework */,
			);
			name = Frameworks;
			sourceTree = "<group>";
		};
		FA84E8881BA628DB0076B058 = {
			isa = PBXGroup;
			children = (
				FA84E8931BA628DB0076B058 /* DEKSTR */,
				FA84E8A91BA628DC0076B058 /* DEKSTRTests */,
				FA84E8921BA628DB0076B058 /* Products */,
			);
			sourceTree = "<group>";
		};
		FA84E8921BA628DB0076B058 /* Products */ = {
			isa = PBXGroup;
			children = (
				FA84E8911BA628DB0076B058 /* DEKSTR.app */,
				FA84E8A61BA628DC0076B058 /* DEKSTRTests.xctest */,
			);
			name = Products;
			sourceTree = "<group>";
		};
		FA84E8931BA628DB0076B058 /* DEKSTR */ = {
			isa = PBXGroup;
			children = (
				FA57FD0D1BD20E30002F1687 /* Frameworks */,
				FAF53AB21BA92AFF004BF6E5 /* SWRevealViewController */,
				FA84E8961BA628DC0076B058 /* AppDelegate.swift */,
				FAF53AB71BA92D78004BF6E5 /* MenuController.swift */,
				FA84E8981BA628DC0076B058 /* ViewController.swift */,
				FA84E89A1BA628DC0076B058 /* Main.storyboard */,
				FA90E1681BAACDDE0065E19D /* LandingPageViewController.swift */,
				FA90E16A1BAAD4B70065E19D /* RevealViewController.swift */,
				FA90E1661BAABE7D0065E19D /* HomeViewController.swift */,
				FA90E15F1BAABE560065E19D /* LoginViewController.swift */,
				FA90E1601BAABE560065E19D /* ResetPasswordViewController.swift */,
				FA90E1611BAABE560065E19D /* SignUpViewController.swift */,
				FA84E8BA1BA63BEC0076B058 /* User.swift */,
				FA84E8B61BA62B0D0076B058 /* UserTableViewCell.swift */,
				FAF53AB91BA93A25004BF6E5 /* UserTableViewController.swift */,
				FA84E89D1BA628DC0076B058 /* Images.xcassets */,
				FA84E89F1BA628DC0076B058 /* LaunchScreen.xib */,
				FA84E8941BA628DC0076B058 /* Supporting Files */,
			);
			path = DEKSTR;
			sourceTree = "<group>";
		};
		FA84E8941BA628DC0076B058 /* Supporting Files */ = {
			isa = PBXGroup;
			children = (
				FA84E8951BA628DC0076B058 /* Info.plist */,
			);
			name = "Supporting Files";
			sourceTree = "<group>";
		};
		FA84E8A91BA628DC0076B058 /* DEKSTRTests */ = {
			isa = PBXGroup;
			children = (
				FA84E8AC1BA628DC0076B058 /* DEKSTRTests.swift */,
				FA84E8AA1BA628DC0076B058 /* Supporting Files */,
			);
			path = DEKSTRTests;
			sourceTree = "<group>";
		};
		FA84E8AA1BA628DC0076B058 /* Supporting Files */ = {
			isa = PBXGroup;
			children = (
				FA84E8AB1BA628DC0076B058 /* Info.plist */,
			);
			name = "Supporting Files";
			sourceTree = "<group>";
		};
		FAF53AB21BA92AFF004BF6E5 /* SWRevealViewController */ = {
			isa = PBXGroup;
			children = (
				FAF53ABC1BA93C14004BF6E5 /* DEKSTR-Bridging-Header.h */,
				FAF53ABD1BA93C14004BF6E5 /* SWRevealViewController.h */,
				FAF53ABE1BA93C14004BF6E5 /* SWRevealViewController.m */,
			);
			name = SWRevealViewController;
			sourceTree = "<group>";
		};
/* End PBXGroup section */

/* Begin PBXNativeTarget section */
		FA84E8901BA628DB0076B058 /* DEKSTR */ = {
			isa = PBXNativeTarget;
			buildConfigurationList = FA84E8B01BA628DC0076B058 /* Build configuration list for PBXNativeTarget "DEKSTR" */;
			buildPhases = (
				FA84E88D1BA628DB0076B058 /* Sources */,
				FA84E88E1BA628DB0076B058 /* Frameworks */,
				FA84E88F1BA628DB0076B058 /* Resources */,
			);
			buildRules = (
			);
			dependencies = (
			);
			name = DEKSTR;
			productName = DEKSTR;
			productReference = FA84E8911BA628DB0076B058 /* DEKSTR.app */;
			productType = "com.apple.product-type.application";
		};
		FA84E8A51BA628DC0076B058 /* DEKSTRTests */ = {
			isa = PBXNativeTarget;
			buildConfigurationList = FA84E8B31BA628DC0076B058 /* Build configuration list for PBXNativeTarget "DEKSTRTests" */;
			buildPhases = (
				FA84E8A21BA628DC0076B058 /* Sources */,
				FA84E8A31BA628DC0076B058 /* Frameworks */,
				FA84E8A41BA628DC0076B058 /* Resources */,
			);
			buildRules = (
			);
			dependencies = (
				FA84E8A81BA628DC0076B058 /* PBXTargetDependency */,
			);
			name = DEKSTRTests;
			productName = DEKSTRTests;
			productReference = FA84E8A61BA628DC0076B058 /* DEKSTRTests.xctest */;
			productType = "com.apple.product-type.bundle.unit-test";
		};
/* End PBXNativeTarget section */

/* Begin PBXProject section */
		FA84E8891BA628DB0076B058 /* Project object */ = {
			isa = PBXProject;
			attributes = {
				LastSwiftUpdateCheck = 0700;
				LastUpgradeCheck = 0640;
				ORGANIZATIONNAME = "Monte Thakkar";
				TargetAttributes = {
					FA84E8901BA628DB0076B058 = {
						CreatedOnToolsVersion = 6.4;
						DevelopmentTeam = C3V4QQ3VFL;
					};
					FA84E8A51BA628DC0076B058 = {
						CreatedOnToolsVersion = 6.4;
						TestTargetID = FA84E8901BA628DB0076B058;
					};
				};
			};
			buildConfigurationList = FA84E88C1BA628DB0076B058 /* Build configuration list for PBXProject "DEKSTR" */;
			compatibilityVersion = "Xcode 3.2";
			developmentRegion = English;
			hasScannedForEncodings = 0;
			knownRegions = (
				en,
				Base,
			);
			mainGroup = FA84E8881BA628DB0076B058;
			productRefGroup = FA84E8921BA628DB0076B058 /* Products */;
			projectDirPath = "";
			projectRoot = "";
			targets = (
				FA84E8901BA628DB0076B058 /* DEKSTR */,
				FA84E8A51BA628DC0076B058 /* DEKSTRTests */,
			);
		};
/* End PBXProject section */

/* Begin PBXResourcesBuildPhase section */
		FA84E88F1BA628DB0076B058 /* Resources */ = {
			isa = PBXResourcesBuildPhase;
			buildActionMask = 2147483647;
			files = (
				FA84E89C1BA628DC0076B058 /* Main.storyboard in Resources */,
				FA84E8A11BA628DC0076B058 /* LaunchScreen.xib in Resources */,
				FA84E89E1BA628DC0076B058 /* Images.xcassets in Resources */,
			);
			runOnlyForDeploymentPostprocessing = 0;
		};
		FA84E8A41BA628DC0076B058 /* Resources */ = {
			isa = PBXResourcesBuildPhase;
			buildActionMask = 2147483647;
			files = (
			);
			runOnlyForDeploymentPostprocessing = 0;
		};
/* End PBXResourcesBuildPhase section */

/* Begin PBXSourcesBuildPhase section */
		FA84E88D1BA628DB0076B058 /* Sources */ = {
			isa = PBXSourcesBuildPhase;
			buildActionMask = 2147483647;
			files = (
				FAF53AB81BA92D78004BF6E5 /* MenuController.swift in Sources */,
				FA84E8991BA628DC0076B058 /* ViewController.swift in Sources */,
				FA84E8B71BA62B0D0076B058 /* UserTableViewCell.swift in Sources */,
				FA90E1641BAABE560065E19D /* ResetPasswordViewController.swift in Sources */,
				FAF53ABF1BA93C14004BF6E5 /* SWRevealViewController.m in Sources */,
				FA90E1651BAABE560065E19D /* SignUpViewController.swift in Sources */,
				FA84E8BB1BA63BEC0076B058 /* User.swift in Sources */,
				FA90E1691BAACDDE0065E19D /* LandingPageViewController.swift in Sources */,
				FA90E16B1BAAD4B70065E19D /* RevealViewController.swift in Sources */,
				FA90E1671BAABE7D0065E19D /* HomeViewController.swift in Sources */,
				FAF53ABA1BA93A25004BF6E5 /* UserTableViewController.swift in Sources */,
				FA90E1631BAABE560065E19D /* LoginViewController.swift in Sources */,
				FA84E8971BA628DC0076B058 /* AppDelegate.swift in Sources */,
			);
			runOnlyForDeploymentPostprocessing = 0;
		};
		FA84E8A21BA628DC0076B058 /* Sources */ = {
			isa = PBXSourcesBuildPhase;
			buildActionMask = 2147483647;
			files = (
				FA84E8AD1BA628DC0076B058 /* DEKSTRTests.swift in Sources */,
			);
			runOnlyForDeploymentPostprocessing = 0;
		};
/* End PBXSourcesBuildPhase section */

/* Begin PBXTargetDependency section */
		FA84E8A81BA628DC0076B058 /* PBXTargetDependency */ = {
			isa = PBXTargetDependency;
			target = FA84E8901BA628DB0076B058 /* DEKSTR */;
			targetProxy = FA84E8A71BA628DC0076B058 /* PBXContainerItemProxy */;
		};
/* End PBXTargetDependency section */

/* Begin PBXVariantGroup section */
		FA84E89A1BA628DC0076B058 /* Main.storyboard */ = {
			isa = PBXVariantGroup;
			children = (
				FA84E89B1BA628DC0076B058 /* Base */,
			);
			name = Main.storyboard;
			sourceTree = "<group>";
		};
		FA84E89F1BA628DC0076B058 /* LaunchScreen.xib */ = {
			isa = PBXVariantGroup;
			children = (
				FA84E8A01BA628DC0076B058 /* Base */,
			);
			name = LaunchScreen.xib;
			sourceTree = "<group>";
		};
/* End PBXVariantGroup section */

/* Begin XCBuildConfiguration section */
		FA84E8AE1BA628DC0076B058 /* Debug */ = {
			isa = XCBuildConfiguration;
			buildSettings = {
				ALWAYS_SEARCH_USER_PATHS = NO;
				CLANG_CXX_LANGUAGE_STANDARD = "gnu++0x";
				CLANG_CXX_LIBRARY = "libc++";
				CLANG_ENABLE_MODULES = YES;
				CLANG_ENABLE_OBJC_ARC = YES;
				CLANG_WARN_BOOL_CONVERSION = YES;
				CLANG_WARN_CONSTANT_CONVERSION = YES;
				CLANG_WARN_DIRECT_OBJC_ISA_USAGE = YES_ERROR;
				CLANG_WARN_EMPTY_BODY = YES;
				CLANG_WARN_ENUM_CONVERSION = YES;
				CLANG_WARN_INT_CONVERSION = YES;
				CLANG_WARN_OBJC_ROOT_CLASS = YES_ERROR;
				CLANG_WARN_UNREACHABLE_CODE = YES;
				CLANG_WARN__DUPLICATE_METHOD_MATCH = YES;
				"CODE_SIGN_IDENTITY[sdk=iphoneos*]" = "iPhone Developer";
				COPY_PHASE_STRIP = NO;
				DEBUG_INFORMATION_FORMAT = "dwarf-with-dsym";
				ENABLE_STRICT_OBJC_MSGSEND = YES;
				GCC_C_LANGUAGE_STANDARD = gnu99;
				GCC_DYNAMIC_NO_PIC = NO;
				GCC_NO_COMMON_BLOCKS = YES;
				GCC_OPTIMIZATION_LEVEL = 0;
				GCC_PREPROCESSOR_DEFINITIONS = (
					"DEBUG=1",
					"$(inherited)",
				);
				GCC_SYMBOLS_PRIVATE_EXTERN = NO;
				GCC_WARN_64_TO_32_BIT_CONVERSION = YES;
				GCC_WARN_ABOUT_RETURN_TYPE = YES_ERROR;
				GCC_WARN_UNDECLARED_SELECTOR = YES;
				GCC_WARN_UNINITIALIZED_AUTOS = YES_AGGRESSIVE;
				GCC_WARN_UNUSED_FUNCTION = YES;
				GCC_WARN_UNUSED_VARIABLE = YES;
				IPHONEOS_DEPLOYMENT_TARGET = 8.4;
				MTL_ENABLE_DEBUG_INFO = YES;
				ONLY_ACTIVE_ARCH = YES;
				SDKROOT = iphoneos;
				SWIFT_OPTIMIZATION_LEVEL = "-Onone";
				TARGETED_DEVICE_FAMILY = "1,2";
			};
			name = Debug;
		};
		FA84E8AF1BA628DC0076B058 /* Release */ = {
			isa = XCBuildConfiguration;
			buildSettings = {
				ALWAYS_SEARCH_USER_PATHS = NO;
				CLANG_CXX_LANGUAGE_STANDARD = "gnu++0x";
				CLANG_CXX_LIBRARY = "libc++";
				CLANG_ENABLE_MODULES = YES;
				CLANG_ENABLE_OBJC_ARC = YES;
				CLANG_WARN_BOOL_CONVERSION = YES;
				CLANG_WARN_CONSTANT_CONVERSION = YES;
				CLANG_WARN_DIRECT_OBJC_ISA_USAGE = YES_ERROR;
				CLANG_WARN_EMPTY_BODY = YES;
				CLANG_WARN_ENUM_CONVERSION = YES;
				CLANG_WARN_INT_CONVERSION = YES;
				CLANG_WARN_OBJC_ROOT_CLASS = YES_ERROR;
				CLANG_WARN_UNREACHABLE_CODE = YES;
				CLANG_WARN__DUPLICATE_METHOD_MATCH = YES;
				"CODE_SIGN_IDENTITY[sdk=iphoneos*]" = "iPhone Developer";
				COPY_PHASE_STRIP = NO;
				DEBUG_INFORMATION_FORMAT = "dwarf-with-dsym";
				ENABLE_NS_ASSERTIONS = NO;
				ENABLE_STRICT_OBJC_MSGSEND = YES;
				GCC_C_LANGUAGE_STANDARD = gnu99;
				GCC_NO_COMMON_BLOCKS = YES;
				GCC_WARN_64_TO_32_BIT_CONVERSION = YES;
				GCC_WARN_ABOUT_RETURN_TYPE = YES_ERROR;
				GCC_WARN_UNDECLARED_SELECTOR = YES;
				GCC_WARN_UNINITIALIZED_AUTOS = YES_AGGRESSIVE;
				GCC_WARN_UNUSED_FUNCTION = YES;
				GCC_WARN_UNUSED_VARIABLE = YES;
				IPHONEOS_DEPLOYMENT_TARGET = 8.4;
				MTL_ENABLE_DEBUG_INFO = NO;
				SDKROOT = iphoneos;
				TARGETED_DEVICE_FAMILY = "1,2";
				VALIDATE_PRODUCT = YES;
			};
			name = Release;
		};
		FA84E8B11BA628DC0076B058 /* Debug */ = {
			isa = XCBuildConfiguration;
			buildSettings = {
				ASSETCATALOG_COMPILER_APPICON_NAME = AppIcon;
				CLANG_ENABLE_MODULES = YES;
				CODE_SIGN_IDENTITY = "iPhone Developer";
				"CODE_SIGN_IDENTITY[sdk=iphoneos*]" = "iPhone Developer";
				ENABLE_BITCODE = NO;
				FRAMEWORK_SEARCH_PATHS = (
					"$(inherited)",
					"$(PROJECT_DIR)/DEKSTR",
				);
				INFOPLIST_FILE = DEKSTR/Info.plist;
				LD_RUNPATH_SEARCH_PATHS = "$(inherited) @executable_path/Frameworks";
				PRODUCT_NAME = "$(TARGET_NAME)";
				PROVISIONING_PROFILE = "";
				SWIFT_OBJC_BRIDGING_HEADER = "DEKSTR/DEKSTR-Bridging-Header.h";
				SWIFT_OPTIMIZATION_LEVEL = "-Onone";
			};
			name = Debug;
		};
		FA84E8B21BA628DC0076B058 /* Release */ = {
			isa = XCBuildConfiguration;
			buildSettings = {
				ASSETCATALOG_COMPILER_APPICON_NAME = AppIcon;
				CLANG_ENABLE_MODULES = YES;
				CODE_SIGN_IDENTITY = "iPhone Developer";
				"CODE_SIGN_IDENTITY[sdk=iphoneos*]" = "iPhone Developer";
				ENABLE_BITCODE = NO;
				FRAMEWORK_SEARCH_PATHS = (
					"$(inherited)",
					"$(PROJECT_DIR)/DEKSTR",
				);
				INFOPLIST_FILE = DEKSTR/Info.plist;
				LD_RUNPATH_SEARCH_PATHS = "$(inherited) @executable_path/Frameworks";
				PRODUCT_NAME = "$(TARGET_NAME)";
				PROVISIONING_PROFILE = "";
				SWIFT_OBJC_BRIDGING_HEADER = "DEKSTR/DEKSTR-Bridging-Header.h";
			};
			name = Release;
		};
		FA84E8B41BA628DC0076B058 /* Debug */ = {
			isa = XCBuildConfiguration;
			buildSettings = {
				BUNDLE_LOADER = "$(TEST_HOST)";
				FRAMEWORK_SEARCH_PATHS = (
					"$(SDKROOT)/Developer/Library/Frameworks",
					"$(inherited)",
				);
				GCC_PREPROCESSOR_DEFINITIONS = (
					"DEBUG=1",
					"$(inherited)",
				);
				INFOPLIST_FILE = DEKSTRTests/Info.plist;
				LD_RUNPATH_SEARCH_PATHS = "$(inherited) @executable_path/Frameworks @loader_path/Frameworks";
				PRODUCT_NAME = "$(TARGET_NAME)";
				TEST_HOST = "$(BUILT_PRODUCTS_DIR)/DEKSTR.app/DEKSTR";
			};
			name = Debug;
		};
		FA84E8B51BA628DC0076B058 /* Release */ = {
			isa = XCBuildConfiguration;
			buildSettings = {
				BUNDLE_LOADER = "$(TEST_HOST)";
				FRAMEWORK_SEARCH_PATHS = (
					"$(SDKROOT)/Developer/Library/Frameworks",
					"$(inherited)",
				);
				INFOPLIST_FILE = DEKSTRTests/Info.plist;
				LD_RUNPATH_SEARCH_PATHS = "$(inherited) @executable_path/Frameworks @loader_path/Frameworks";
				PRODUCT_NAME = "$(TARGET_NAME)";
				TEST_HOST = "$(BUILT_PRODUCTS_DIR)/DEKSTR.app/DEKSTR";
			};
			name = Release;
		};
/* End XCBuildConfiguration section */

/* Begin XCConfigurationList section */
		FA84E88C1BA628DB0076B058 /* Build configuration list for PBXProject "DEKSTR" */ = {
			isa = XCConfigurationList;
			buildConfigurations = (
				FA84E8AE1BA628DC0076B058 /* Debug */,
				FA84E8AF1BA628DC0076B058 /* Release */,
			);
			defaultConfigurationIsVisible = 0;
			defaultConfigurationName = Release;
		};
		FA84E8B01BA628DC0076B058 /* Build configuration list for PBXNativeTarget "DEKSTR" */ = {
			isa = XCConfigurationList;
			buildConfigurations = (
				FA84E8B11BA628DC0076B058 /* Debug */,
				FA84E8B21BA628DC0076B058 /* Release */,
			);
			defaultConfigurationIsVisible = 0;
			defaultConfigurationName = Release;
		};
		FA84E8B31BA628DC0076B058 /* Build configuration list for PBXNativeTarget "DEKSTRTests" */ = {
			isa = XCConfigurationList;
			buildConfigurations = (
				FA84E8B41BA628DC0076B058 /* Debug */,
				FA84E8B51BA628DC0076B058 /* Release */,
			);
			defaultConfigurationIsVisible = 0;
			defaultConfigurationName = Release;
		};
/* End XCConfigurationList section */
	};
	rootObject = FA84E8891BA628DB0076B058 /* Project object */;
}
